{
  "name": "test-app-xdr",
  "version": "1.0.0",
  "lockfileVersion": 3,
  "requires": true,
  "packages": {
    "": {
      "name": "test-app-xdr",
      "version": "1.0.0",
      "license": "MIT",
      "dependencies": {
        "@phantom-core/xdr": "^1.0.0",
        "@phantom-core/xdr-core": "file:../phantom-xdr-core"
      }
    },
    "../phantom-xdr-core": {},
    "node_modules/@phantom-core/ml": {
      "resolved": "node_modules/@phantom-core/phantom-core-ml/nextgen",
      "link": true
    },
    "node_modules/@phantom-core/phantom-core-ml/nextgen": {},
    "node_modules/@phantom-core/xdr": {
      "version": "1.0.0",
      "resolved": "https://registry.npmjs.org/@phantom-core/xdr/-/xdr-1.0.0.tgz",
      "integrity": "sha512-MHdAb8HugIe0gqzFr9s/jPdvaXcpYtwqU0QnuSkIY2cg9ZL0kZDUvQGuVfpaImVn1EKsXMJiKnMwsRhPuzEGXQ==",
      "license": "MIT",
      "dependencies": {
        "@phantom-core/ml": "file:../phantom-core-ml/nextgen"
      },
      "engines": {
        "node": ">=16.0.0",
        "npm": ">=8.0.0"
      },
      "optionalDependencies": {
        "@phantom-core/xdr-darwin-arm64": "1.0.0",
        "@phantom-core/xdr-linux-arm64-gnu": "1.0.0",
        "@phantom-core/xdr-linux-x64-musl": "1.0.0",
        "@phantom-core/xdr-win32-arm64-msvc": "1.0.0"
      }
    },
    "node_modules/@phantom-core/xdr-core": {
      "resolved": "../phantom-xdr-core",
      "link": true
    },
    "node_modules/@phantom-core/xdr/node_modules/@phantom-core/xdr-darwin-arm64": {
      "optional": true
    },
    "node_modules/@phantom-core/xdr/node_modules/@phantom-core/xdr-linux-arm64-gnu": {
      "optional": true
    },
    "node_modules/@phantom-core/xdr/node_modules/@phantom-core/xdr-linux-x64-musl": {
      "optional": true
    },
    "node_modules/@phantom-core/xdr/node_modules/@phantom-core/xdr-win32-arm64-msvc": {
      "optional": true
    }
  }
}
