{
  "name": "test-app-forensics",
  "version": "1.0.0",
  "lockfileVersion": 3,
  "requires": true,
  "packages": {
    "": {
      "name": "test-app-forensics",
      "version": "1.0.0",
      "license": "MIT",
      "dependencies": {
        "@phantom-core/forensics": "^1.0.0",
        "@phantom-core/forensics-core": "file:../phantom-forensics-core"
      },
      "engines": {
        "node": ">=16.0.0",
        "npm": ">=8.0.0"
      }
    },
    "../phantom-forensics-core": {},
    "node_modules/@phantom-core/forensics": {
      "version": "1.0.0",
      "resolved": "https://registry.npmjs.org/@phantom-core/forensics/-/forensics-1.0.0.tgz",
      "integrity": "sha512-7tfcQGYfdtRf1UEpy116pWUPdz4JIL6RB9osklhoA/WMFdBDay45XTZZ9IF3VxZveiNjWtDQq5kU3AVd2Yfkww==",
      "license": "MIT",
      "dependencies": {
        "@phantom-core/ml": "file:../phantom-core-ml/nextgen"
      },
      "engines": {
        "node": ">=16.0.0",
        "npm": ">=8.0.0"
      },
      "optionalDependencies": {
        "@phantom-core/forensics-darwin-arm64": "1.0.0",
        "@phantom-core/forensics-linux-arm64-gnu": "1.0.0",
        "@phantom-core/forensics-linux-x64-musl": "1.0.0",
        "@phantom-core/forensics-win32-arm64-msvc": "1.0.0"
      }
    },
    "node_modules/@phantom-core/forensics-core": {
      "resolved": "../phantom-forensics-core",
      "link": true
    },
    "node_modules/@phantom-core/forensics/node_modules/@phantom-core/forensics-darwin-arm64": {
      "optional": true
    },
    "node_modules/@phantom-core/forensics/node_modules/@phantom-core/forensics-linux-arm64-gnu": {
      "optional": true
    },
    "node_modules/@phantom-core/forensics/node_modules/@phantom-core/forensics-linux-x64-musl": {
      "optional": true
    },
    "node_modules/@phantom-core/forensics/node_modules/@phantom-core/forensics-win32-arm64-msvc": {
      "optional": true
    },
    "node_modules/@phantom-core/ml": {
      "resolved": "node_modules/@phantom-core/phantom-core-ml/nextgen",
      "link": true
    },
    "node_modules/@phantom-core/phantom-core-ml/nextgen": {}
  }
}
