{
  "name": "test-app-crypto",
  "version": "1.0.0",
  "lockfileVersion": 3,
  "requires": true,
  "packages": {
    "": {
      "name": "test-app-crypto",
      "version": "1.0.0",
      "license": "MIT",
      "dependencies": {
        "@phantom-core/crypto": "^1.0.0"
      },
      "engines": {
        "node": ">=16.0.0"
      }
    },
    "node_modules/@phantom-core/crypto": {
      "version": "1.0.0",
      "resolved": "https://registry.npmjs.org/@phantom-core/crypto/-/crypto-1.0.0.tgz",
      "integrity": "sha512-ePKhIDHA/0BvrjF1InXm5oF0B0Q0/xz223tn3cGnjnNFrq197iHju1tJp0KKrnLKjkWGr0KhQarIJYl+Z1BDMQ==",
      "license": "MIT",
      "dependencies": {
        "@phantom-core/ml": "file:../phantom-core-ml/nextgen"
      },
      "engines": {
        "node": ">=16.0.0",
        "npm": ">=8.0.0"
      },
      "optionalDependencies": {
        "@phantom-core/crypto-darwin-arm64": "1.0.0",
        "@phantom-core/crypto-linux-arm64-gnu": "1.0.0",
        "@phantom-core/crypto-linux-x64-musl": "1.0.0",
        "@phantom-core/crypto-win32-arm64-msvc": "1.0.0"
      }
    },
    "node_modules/@phantom-core/crypto/node_modules/@phantom-core/crypto-darwin-arm64": {
      "optional": true
    },
    "node_modules/@phantom-core/crypto/node_modules/@phantom-core/crypto-linux-arm64-gnu": {
      "optional": true
    },
    "node_modules/@phantom-core/crypto/node_modules/@phantom-core/crypto-linux-x64-musl": {
      "optional": true
    },
    "node_modules/@phantom-core/crypto/node_modules/@phantom-core/crypto-win32-arm64-msvc": {
      "optional": true
    },
    "node_modules/@phantom-core/ml": {
      "resolved": "node_modules/@phantom-core/phantom-core-ml/nextgen",
      "link": true
    },
    "node_modules/@phantom-core/phantom-core-ml/nextgen": {}
  }
}
