{
  "name": "test-app-secop",
  "version": "1.0.0",
  "lockfileVersion": 3,
  "requires": true,
  "packages": {
    "": {
      "name": "test-app-secop",
      "version": "1.0.0",
      "license": "MIT",
      "dependencies": {
        "@phantom-core/secop": "^1.0.1",
        "@phantom-core/secop-core": "file:../phantom-secop-core"
      }
    },
    "../phantom-secop-core": {},
    "node_modules/@phantom-core/ml": {
      "resolved": "node_modules/@phantom-core/phantom-core-ml/nextgen",
      "link": true
    },
    "node_modules/@phantom-core/phantom-core-ml/nextgen": {},
    "node_modules/@phantom-core/secop": {
      "version": "1.0.1",
      "resolved": "https://registry.npmjs.org/@phantom-core/secop/-/secop-1.0.1.tgz",
      "integrity": "sha512-Fy/Z9QFFpTTO5XMsshYoxwOKflbvACT0xrUNycgurknNCJJrGQuVLEppiz0KWJHYPDurZuBU/N7Ndw8kFLCjJw==",
      "license": "MIT",
      "dependencies": {
        "@phantom-core/ml": "file:../phantom-core-ml/nextgen"
      },
      "engines": {
        "node": ">=16.0.0",
        "npm": ">=8.0.0"
      },
      "optionalDependencies": {
        "@phantom-core/secop-darwin-arm64": "1.0.1",
        "@phantom-core/secop-linux-arm64-gnu": "1.0.1",
        "@phantom-core/secop-linux-x64-musl": "1.0.1",
        "@phantom-core/secop-win32-arm64-msvc": "1.0.1"
      }
    },
    "node_modules/@phantom-core/secop-core": {
      "resolved": "../phantom-secop-core",
      "link": true
    },
    "node_modules/@phantom-core/secop/node_modules/@phantom-core/secop-darwin-arm64": {
      "optional": true
    },
    "node_modules/@phantom-core/secop/node_modules/@phantom-core/secop-linux-arm64-gnu": {
      "optional": true
    },
    "node_modules/@phantom-core/secop/node_modules/@phantom-core/secop-linux-x64-musl": {
      "optional": true
    },
    "node_modules/@phantom-core/secop/node_modules/@phantom-core/secop-win32-arm64-msvc": {
      "optional": true
    }
  }
}
