{
  "name": "test-app-intel",
  "version": "1.0.0",
  "lockfileVersion": 3,
  "requires": true,
  "packages": {
    "": {
      "name": "test-app-intel",
      "version": "1.0.0",
      "license": "MIT",
      "dependencies": {
        "@phantom-core/intel": "^1.0.0"
      },
      "devDependencies": {
        "colors": "^1.4.0"
      }
    },
    "node_modules/@phantom-core/intel": {
      "version": "1.0.0",
      "resolved": "https://registry.npmjs.org/@phantom-core/intel/-/intel-1.0.0.tgz",
      "integrity": "sha512-TBa16gwQ3VUFzgfSBcmwx/85CMISeX5zvEY9HjAa4DvXiVk5AFOrqA3iN7KLHEMMVqFPdoJWl8n30kdPBDcrrg==",
      "license": "MIT",
      "dependencies": {
        "@phantom-core/ml": "file:../phantom-core-ml/nextgen"
      },
      "engines": {
        "node": ">=16.0.0",
        "npm": ">=8.0.0"
      },
      "optionalDependencies": {
        "@phantom-core/intel-darwin-arm64": "1.0.0",
        "@phantom-core/intel-linux-arm64-gnu": "1.0.0",
        "@phantom-core/intel-linux-x64-musl": "1.0.0",
        "@phantom-core/intel-win32-arm64-msvc": "1.0.0"
      }
    },
    "node_modules/@phantom-core/intel/node_modules/@phantom-core/intel-darwin-arm64": {
      "optional": true
    },
    "node_modules/@phantom-core/intel/node_modules/@phantom-core/intel-linux-arm64-gnu": {
      "optional": true
    },
    "node_modules/@phantom-core/intel/node_modules/@phantom-core/intel-linux-x64-musl": {
      "optional": true
    },
    "node_modules/@phantom-core/intel/node_modules/@phantom-core/intel-win32-arm64-msvc": {
      "optional": true
    },
    "node_modules/@phantom-core/ml": {
      "resolved": "node_modules/@phantom-core/phantom-core-ml/nextgen",
      "link": true
    },
    "node_modules/@phantom-core/phantom-core-ml/nextgen": {},
    "node_modules/colors": {
      "version": "1.4.0",
      "resolved": "https://registry.npmjs.org/colors/-/colors-1.4.0.tgz",
      "integrity": "sha512-a+UqTh4kgZg/SlGvfbzDHpgRu7AAQOmmqRHJnxhRZICKFUT91brVhNNt58CMWU9PsBbv3PDCZUHbVxuDiH2mtA==",
      "dev": true,
      "license": "MIT",
      "engines": {
        "node": ">=0.1.90"
      }
    }
  }
}
