{
  "name": "test-app-risk",
  "version": "1.0.0",
  "lockfileVersion": 3,
  "requires": true,
  "packages": {
    "": {
      "name": "test-app-risk",
      "version": "1.0.0",
      "license": "MIT",
      "dependencies": {
        "@phantom-core/risk": "^1.0.1",
        "@phantom-core/risk-core": "file:../phantom-risk-core"
      }
    },
    "../phantom-risk-core": {},
    "node_modules/@phantom-core/ml": {
      "resolved": "node_modules/@phantom-core/phantom-core-ml/nextgen",
      "link": true
    },
    "node_modules/@phantom-core/phantom-core-ml/nextgen": {},
    "node_modules/@phantom-core/risk": {
      "version": "1.0.1",
      "resolved": "https://registry.npmjs.org/@phantom-core/risk/-/risk-1.0.1.tgz",
      "integrity": "sha512-aytddaZW4xb55pzzaL9J0hO7Ev5vXseuRZDzBUmXmwB9E/bnzst2DgFGh0mOIzFuoBMPhVRw3uSTczJ7GTec8A==",
      "license": "MIT",
      "dependencies": {
        "@phantom-core/ml": "file:../phantom-core-ml/nextgen"
      },
      "engines": {
        "node": ">=16.0.0",
        "npm": ">=8.0.0"
      },
      "optionalDependencies": {
        "@phantom-core/risk-darwin-arm64": "1.0.1",
        "@phantom-core/risk-linux-arm64-gnu": "1.0.1",
        "@phantom-core/risk-linux-x64-musl": "1.0.1",
        "@phantom-core/risk-win32-arm64-msvc": "1.0.1"
      }
    },
    "node_modules/@phantom-core/risk-core": {
      "resolved": "../phantom-risk-core",
      "link": true
    },
    "node_modules/@phantom-core/risk/node_modules/@phantom-core/risk-darwin-arm64": {
      "optional": true
    },
    "node_modules/@phantom-core/risk/node_modules/@phantom-core/risk-linux-arm64-gnu": {
      "optional": true
    },
    "node_modules/@phantom-core/risk/node_modules/@phantom-core/risk-linux-x64-musl": {
      "optional": true
    },
    "node_modules/@phantom-core/risk/node_modules/@phantom-core/risk-win32-arm64-msvc": {
      "optional": true
    }
  }
}
