{
  "name": "test-app-incident",
  "version": "1.0.0",
  "lockfileVersion": 3,
  "requires": true,
  "packages": {
    "": {
      "name": "test-app-incident",
      "version": "1.0.0",
      "license": "MIT",
      "dependencies": {
        "@phantom-core/incident-response": "^1.0.0",
        "@phantom-core/incident-response-core": "file:../phantom-incident-response-core"
      }
    },
    "../phantom-incident-response-core": {},
    "node_modules/@phantom-core/incident-response": {
      "version": "1.0.0",
      "resolved": "https://registry.npmjs.org/@phantom-core/incident-response/-/incident-response-1.0.0.tgz",
      "integrity": "sha512-eJpdlPmesQMbo3m4u0CmSWt/OYv2Sh0CbWVjFznO1wvyqcjr7vhCaipwU7CbojHCNumh6pUwLVW7hjAMd9ggcg==",
      "license": "MIT",
      "dependencies": {
        "@phantom-core/ml": "file:../phantom-core-ml/nextgen"
      },
      "engines": {
        "node": ">=16.0.0",
        "npm": ">=8.0.0"
      },
      "optionalDependencies": {
        "@phantom-core/incident-response-darwin-arm64": "1.0.0",
        "@phantom-core/incident-response-linux-arm64-gnu": "1.0.0",
        "@phantom-core/incident-response-linux-x64-musl": "1.0.0",
        "@phantom-core/incident-response-win32-arm64-msvc": "1.0.0"
      }
    },
    "node_modules/@phantom-core/incident-response-core": {
      "resolved": "../phantom-incident-response-core",
      "link": true
    },
    "node_modules/@phantom-core/incident-response/node_modules/@phantom-core/incident-response-darwin-arm64": {
      "optional": true
    },
    "node_modules/@phantom-core/incident-response/node_modules/@phantom-core/incident-response-linux-arm64-gnu": {
      "optional": true
    },
    "node_modules/@phantom-core/incident-response/node_modules/@phantom-core/incident-response-linux-x64-musl": {
      "optional": true
    },
    "node_modules/@phantom-core/incident-response/node_modules/@phantom-core/incident-response-win32-arm64-msvc": {
      "optional": true
    },
    "node_modules/@phantom-core/ml": {
      "resolved": "node_modules/@phantom-core/phantom-core-ml/nextgen",
      "link": true
    },
    "node_modules/@phantom-core/phantom-core-ml/nextgen": {}
  }
}
