{
  "name": "test-app-attribution",
  "version": "1.0.0",
  "lockfileVersion": 3,
  "requires": true,
  "packages": {
    "": {
      "name": "test-app-attribution",
      "version": "1.0.0",
      "license": "MIT",
      "dependencies": {
        "@phantom-core/attribution": "^1.0.0"
      }
    },
    "node_modules/@napi-rs/triples": {
      "version": "1.2.0",
      "resolved": "https://registry.npmjs.org/@napi-rs/triples/-/triples-1.2.0.tgz",
      "integrity": "sha512-HAPjR3bnCsdXBsATpDIP5WCrw0JcACwhhrwIAQhiR46n+jm+a2F8kBsfseAuWtSyQ+H3Yebt2k43B5dy+04yMA==",
      "license": "MIT"
    },
    "node_modules/@node-rs/helper": {
      "version": "1.6.0",
      "resolved": "https://registry.npmjs.org/@node-rs/helper/-/helper-1.6.0.tgz",
      "integrity": "sha512-2OTh/tokcLA1qom1zuCJm2gQzaZljCCbtX1YCrwRVd/toz7KxaDRFeLTAPwhs8m9hWgzrBn5rShRm6IaZofCPw==",
      "license": "MIT",
      "dependencies": {
        "@napi-rs/triples": "^1.2.0"
      }
    },
    "node_modules/@phantom-core/attribution": {
      "version": "1.0.1",
      "resolved": "https://registry.npmjs.org/@phantom-core/attribution/-/attribution-1.0.1.tgz",
      "integrity": "sha512-kZkTGmpiRfZvI6HmehifsbkQxw2TwvTl2cgq0EqUkywTh2IBk0yAfvJRuxrnU+fqVCeNfl8i1ZcmZQ7yq1Yn5w==",
      "license": "MIT",
      "dependencies": {
        "@node-rs/helper": "^1.3.0"
      },
      "bin": {
        "phantom-attribution-example": "example.js"
      },
      "engines": {
        "node": ">=16.0.0",
        "npm": ">=8.0.0"
      },
      "optionalDependencies": {
        "@phantom-core/attribution-darwin-arm64": "1.0.1",
        "@phantom-core/attribution-linux-arm64-gnu": "1.0.1",
        "@phantom-core/attribution-linux-x64-musl": "1.0.1",
        "@phantom-core/attribution-win32-arm64-msvc": "1.0.1"
      }
    },
    "node_modules/@phantom-core/attribution/node_modules/@phantom-core/attribution-darwin-arm64": {
      "optional": true
    },
    "node_modules/@phantom-core/attribution/node_modules/@phantom-core/attribution-linux-arm64-gnu": {
      "optional": true
    },
    "node_modules/@phantom-core/attribution/node_modules/@phantom-core/attribution-linux-x64-musl": {
      "optional": true
    },
    "node_modules/@phantom-core/attribution/node_modules/@phantom-core/attribution-win32-arm64-msvc": {
      "optional": true
    }
  }
}
